
Microsoft Visual Studio Solution File, Format Version 12.00
# Visual Studio Version 17
VisualStudioVersion = 17.14.36623.8
MinimumVisualStudioVersion = 10.0.40219.1
Project("{FAE04EC0-301F-11D3-BF4B-00C04F79EFBC}") = "CsvToSource", "ExcelMaster\CsvToSource.csproj", "{419A69A6-893A-4FD9-9D0F-5A16D8B91CD8}"
EndProject
Project("{FAE04EC0-301F-11D3-BF4B-00C04F79EFBC}") = "Sample", "Sample\Sample.csproj", "{1C3D29BD-1F2E-4CA4-A0C7-5E18944DACE6}"
EndProject
Project("{FAE04EC0-301F-11D3-BF4B-00C04F79EFBC}") = "ExcelToCsv", "ExcelToCsv\ExcelToCsv.csproj", "{803896BB-39AD-4A27-8533-1A1C2E2B0389}"
EndProject
Project("{FAE04EC0-301F-11D3-BF4B-00C04F79EFBC}") = "BinaryBuilder", "SourceToBinary\BinaryBuilder.csproj", "{B9368776-2DAE-4A3D-854A-716732CA6D50}"
EndProject
Global
	GlobalSection(SolutionConfigurationPlatforms) = preSolution
		Debug|Any CPU = Debug|Any CPU
		Release|Any CPU = Release|Any CPU
	EndGlobalSection
	GlobalSection(ProjectConfigurationPlatforms) = postSolution
		{419A69A6-893A-4FD9-9D0F-5A16D8B91CD8}.Debug|Any CPU.ActiveCfg = Debug|Any CPU
		{419A69A6-893A-4FD9-9D0F-5A16D8B91CD8}.Debug|Any CPU.Build.0 = Debug|Any CPU
		{419A69A6-893A-4FD9-9D0F-5A16D8B91CD8}.Release|Any CPU.ActiveCfg = Release|Any CPU
		{419A69A6-893A-4FD9-9D0F-5A16D8B91CD8}.Release|Any CPU.Build.0 = Release|Any CPU
		{1C3D29BD-1F2E-4CA4-A0C7-5E18944DACE6}.Debug|Any CPU.ActiveCfg = Debug|Any CPU
		{1C3D29BD-1F2E-4CA4-A0C7-5E18944DACE6}.Debug|Any CPU.Build.0 = Debug|Any CPU
		{1C3D29BD-1F2E-4CA4-A0C7-5E18944DACE6}.Release|Any CPU.ActiveCfg = Release|Any CPU
		{1C3D29BD-1F2E-4CA4-A0C7-5E18944DACE6}.Release|Any CPU.Build.0 = Release|Any CPU
		{803896BB-39AD-4A27-8533-1A1C2E2B0389}.Debug|Any CPU.ActiveCfg = Debug|Any CPU
		{803896BB-39AD-4A27-8533-1A1C2E2B0389}.Debug|Any CPU.Build.0 = Debug|Any CPU
		{803896BB-39AD-4A27-8533-1A1C2E2B0389}.Release|Any CPU.ActiveCfg = Release|Any CPU
		{803896BB-39AD-4A27-8533-1A1C2E2B0389}.Release|Any CPU.Build.0 = Release|Any CPU
		{B9368776-2DAE-4A3D-854A-716732CA6D50}.Debug|Any CPU.ActiveCfg = Debug|Any CPU
		{B9368776-2DAE-4A3D-854A-716732CA6D50}.Debug|Any CPU.Build.0 = Debug|Any CPU
		{B9368776-2DAE-4A3D-854A-716732CA6D50}.Release|Any CPU.ActiveCfg = Release|Any CPU
		{B9368776-2DAE-4A3D-854A-716732CA6D50}.Release|Any CPU.Build.0 = Release|Any CPU
	EndGlobalSection
	GlobalSection(SolutionProperties) = preSolution
		HideSolutionNode = FALSE
	EndGlobalSection
	GlobalSection(ExtensibilityGlobals) = postSolution
		SolutionGuid = {D8499163-6F2C-4718-89CA-46F3C11468F4}
	EndGlobalSection
EndGlobal
