
Microsoft Visual Studio Solution File, Format Version 12.00
# Visual Studio Version 17
VisualStudioVersion = 17.14.36623.8
MinimumVisualStudioVersion = 10.0.40219.1
Project("{FAE04EC0-301F-11D3-BF4B-00C04F79EFBC}") = "Sample", "Sample\Sample.csproj", "{1C3D29BD-1F2E-4CA4-A0C7-5E18944DACE6}"
EndProject
Project("{FAE04EC0-301F-11D3-BF4B-00C04F79EFBC}") = "ExcelToCsv", "ExcelToCsv\ExcelToCsv.csproj", "{803896BB-39AD-4A27-8533-1A1C2E2B0389}"
EndProject
Project("{FAE04EC0-301F-11D3-BF4B-00C04F79EFBC}") = "CsvToSource", "CsvToSource\CsvToSource.csproj", "{6A6360E9-39A2-C194-DFBD-53679F709DB4}"
EndProject
Global
	GlobalSection(SolutionConfigurationPlatforms) = preSolution
		Debug|Any CPU = Debug|Any CPU
		Release|Any CPU = Release|Any CPU
	EndGlobalSection
	GlobalSection(ProjectConfigurationPlatforms) = postSolution
		{1C3D29BD-1F2E-4CA4-A0C7-5E18944DACE6}.Debug|Any CPU.ActiveCfg = Debug|Any CPU
		{1C3D29BD-1F2E-4CA4-A0C7-5E18944DACE6}.Debug|Any CPU.Build.0 = Debug|Any CPU
		{1C3D29BD-1F2E-4CA4-A0C7-5E18944DACE6}.Release|Any CPU.ActiveCfg = Release|Any CPU
		{1C3D29BD-1F2E-4CA4-A0C7-5E18944DACE6}.Release|Any CPU.Build.0 = Release|Any CPU
		{803896BB-39AD-4A27-8533-1A1C2E2B0389}.Debug|Any CPU.ActiveCfg = Debug|Any CPU
		{803896BB-39AD-4A27-8533-1A1C2E2B0389}.Debug|Any CPU.Build.0 = Debug|Any CPU
		{803896BB-39AD-4A27-8533-1A1C2E2B0389}.Release|Any CPU.ActiveCfg = Release|Any CPU
		{803896BB-39AD-4A27-8533-1A1C2E2B0389}.Release|Any CPU.Build.0 = Release|Any CPU
		{6A6360E9-39A2-C194-DFBD-53679F709DB4}.Debug|Any CPU.ActiveCfg = Debug|Any CPU
		{6A6360E9-39A2-C194-DFBD-53679F709DB4}.Debug|Any CPU.Build.0 = Debug|Any CPU
		{6A6360E9-39A2-C194-DFBD-53679F709DB4}.Release|Any CPU.ActiveCfg = Release|Any CPU
		{6A6360E9-39A2-C194-DFBD-53679F709DB4}.Release|Any CPU.Build.0 = Release|Any CPU
	EndGlobalSection
	GlobalSection(SolutionProperties) = preSolution
		HideSolutionNode = FALSE
	EndGlobalSection
	GlobalSection(ExtensibilityGlobals) = postSolution
		SolutionGuid = {D8499163-6F2C-4718-89CA-46F3C11468F4}
	EndGlobalSection
EndGlobal
